{
  "name": "zx8-proxy",
  "version": "1.0.0",
  "lockfileVersion": 1,
  "requires": true,
  "dependencies": {
    "@types/node": {
      "version": "13.7.1",
      "resolved": "https://registry.npmjs.org/@types/node/-/node-13.7.1.tgz",
      "integrity": "sha512-Zq8gcQGmn4txQEJeiXo/KiLpon8TzAl0kmKH4zdWctPj05nWwp1ClMdAVEloqrQKfaC48PNLdgN/aVaLqUrluA=="
    },
    "@types/ws": {
      "version": "7.2.1",
      "resolved": "https://registry.npmjs.org/@types/ws/-/ws-7.2.1.tgz",
      "integrity": "sha512-UEmRNbXFGvfs/sLncf01GuVv6U1mZP3Df0iXWx4kUlikJxbFyFADp95mDn1XDTE2mXpzzoHcKlfFcbytLq4vaA==",
      "requires": {
        "@types/node": "*"
      }
    },
    "ey": {
      "version": "0.9.1",
      "resolved": "https://registry.npmjs.org/ey/-/ey-0.9.1.tgz",
      "integrity": "sha512-69MJ7OMz9TVQh4sVsoDP477SwHPrDXThcjq4mXPpxb+baWNzuIb9ec4IjwIQKawyAoJzsqgsh6S7nPUG89rSNw=="
    },
    "node-fetch": {
      "version": "2.6.0",
      "resolved": "https://registry.npmjs.org/node-fetch/-/node-fetch-2.6.0.tgz",
      "integrity": "sha512-8dG4H5ujfvFiqDmVu9fQ5bOHUC15JMjMY/Zumv26oOvvVJjM67KF8koCWIabKQ1GJIa9r2mMZscBq/TbdOcmNA=="
    },
    "ws": {
      "version": "7.2.1",
      "resolved": "https://registry.npmjs.org/ws/-/ws-7.2.1.tgz",
      "integrity": "sha512-sucePNSafamSKoOqoNfBd8V0StlkzJKL2ZAhGQinCfNQ+oacw+Pk7lcdAElecBF2VkLNZRiIb5Oi1Q5lVUVt2A=="
    }
  }
}
